
Microsoft Visual Studio Solution File, Format Version 12.00
Project("{FAE04EC0-301F-11D3-BF4B-00C04F79EFBC}") = "Novicell.Examine.ElasticSearch", "Novicell.Examine.ElasticSearch\Novicell.Examine.ElasticSearch.csproj", "{DCFCB1D2-9614-4B87-AB44-4A77B7E0AC12}"
EndProject
Project("{FAE04EC0-301F-11D3-BF4B-00C04F79EFBC}") = "Novicell.Examine.ElasticSearch.Tests", "Novicell.Examine.ElasticSearch.Tests\Novicell.Examine.ElasticSearch.Tests.csproj", "{E5A3666B-3361-4062-B1D5-D896A77B5C85}"
EndProject
Project("{FAE04EC0-301F-11D3-BF4B-00C04F79EFBC}") = "Novicell.Examine.ElasticSearch.Umbraco", "Novicell.Examine.ElasticSearch.Umbraco\Novicell.Examine.ElasticSearch.Umbraco.csproj", "{CA988FFF-B9B4-47A7-AC35-A03CED9F9E52}"
EndProject
Project("{FAE04EC0-301F-11D3-BF4B-00C04F79EFBC}") = "Novicell.Examine.Solr", "Novicell.Examine.Solr\Novicell.Examine.Solr.csproj", "{38E63C7D-D014-4760-A188-98669A4B52B1}"
EndProject
Project("{FAE04EC0-301F-11D3-BF4B-00C04F79EFBC}") = "Novicell.Examine.Solr.Umbraco", "Novicell.Examine.Solr.Umbraco\Novicell.Examine.Solr.Umbraco.csproj", "{416BFD0D-1D99-4F2B-ABB4-AFE9140CA547}"
EndProject
Project("{FAE04EC0-301F-11D3-BF4B-00C04F79EFBC}") = "Novicell.Examine.Solr.Tests", "Novicell.Examine.Solr.Tests\Novicell.Examine.Solr.Tests.csproj", "{6C7E8A27-8E1E-409F-A4D1-F496D4863DF7}"
EndProject
Project("{2150E333-8FDC-42A3-9474-1A3956D46DE8}") = "tests", "tests", "{7CFAB2A8-2603-4920-8A5A-F9E08E4A4F5B}"
EndProject
Project("{2150E333-8FDC-42A3-9474-1A3956D46DE8}") = "UmbracoIntegrations", "UmbracoIntegrations", "{43041EDF-5344-40D5-B726-0961E2FAB66D}"
EndProject
Project("{2150E333-8FDC-42A3-9474-1A3956D46DE8}") = "Providers", "Providers", "{3DA95945-6138-4E0E-969B-07122EA7943D}"
EndProject
Global
	GlobalSection(SolutionConfigurationPlatforms) = preSolution
		Debug|Any CPU = Debug|Any CPU
		Release|Any CPU = Release|Any CPU
	EndGlobalSection
	GlobalSection(ProjectConfigurationPlatforms) = postSolution
		{DCFCB1D2-9614-4B87-AB44-4A77B7E0AC12}.Debug|Any CPU.ActiveCfg = Debug|Any CPU
		{DCFCB1D2-9614-4B87-AB44-4A77B7E0AC12}.Debug|Any CPU.Build.0 = Debug|Any CPU
		{DCFCB1D2-9614-4B87-AB44-4A77B7E0AC12}.Release|Any CPU.ActiveCfg = Release|Any CPU
		{DCFCB1D2-9614-4B87-AB44-4A77B7E0AC12}.Release|Any CPU.Build.0 = Release|Any CPU
		{E5A3666B-3361-4062-B1D5-D896A77B5C85}.Debug|Any CPU.ActiveCfg = Debug|Any CPU
		{E5A3666B-3361-4062-B1D5-D896A77B5C85}.Debug|Any CPU.Build.0 = Debug|Any CPU
		{E5A3666B-3361-4062-B1D5-D896A77B5C85}.Release|Any CPU.ActiveCfg = Release|Any CPU
		{E5A3666B-3361-4062-B1D5-D896A77B5C85}.Release|Any CPU.Build.0 = Release|Any CPU
		{CA988FFF-B9B4-47A7-AC35-A03CED9F9E52}.Debug|Any CPU.ActiveCfg = Debug|Any CPU
		{CA988FFF-B9B4-47A7-AC35-A03CED9F9E52}.Debug|Any CPU.Build.0 = Debug|Any CPU
		{CA988FFF-B9B4-47A7-AC35-A03CED9F9E52}.Release|Any CPU.ActiveCfg = Release|Any CPU
		{CA988FFF-B9B4-47A7-AC35-A03CED9F9E52}.Release|Any CPU.Build.0 = Release|Any CPU
		{38E63C7D-D014-4760-A188-98669A4B52B1}.Debug|Any CPU.ActiveCfg = Debug|Any CPU
		{38E63C7D-D014-4760-A188-98669A4B52B1}.Debug|Any CPU.Build.0 = Debug|Any CPU
		{38E63C7D-D014-4760-A188-98669A4B52B1}.Release|Any CPU.ActiveCfg = Release|Any CPU
		{38E63C7D-D014-4760-A188-98669A4B52B1}.Release|Any CPU.Build.0 = Release|Any CPU
		{416BFD0D-1D99-4F2B-ABB4-AFE9140CA547}.Debug|Any CPU.ActiveCfg = Debug|Any CPU
		{416BFD0D-1D99-4F2B-ABB4-AFE9140CA547}.Debug|Any CPU.Build.0 = Debug|Any CPU
		{416BFD0D-1D99-4F2B-ABB4-AFE9140CA547}.Release|Any CPU.ActiveCfg = Release|Any CPU
		{416BFD0D-1D99-4F2B-ABB4-AFE9140CA547}.Release|Any CPU.Build.0 = Release|Any CPU
		{6C7E8A27-8E1E-409F-A4D1-F496D4863DF7}.Debug|Any CPU.ActiveCfg = Debug|Any CPU
		{6C7E8A27-8E1E-409F-A4D1-F496D4863DF7}.Debug|Any CPU.Build.0 = Debug|Any CPU
		{6C7E8A27-8E1E-409F-A4D1-F496D4863DF7}.Release|Any CPU.ActiveCfg = Release|Any CPU
		{6C7E8A27-8E1E-409F-A4D1-F496D4863DF7}.Release|Any CPU.Build.0 = Release|Any CPU
	EndGlobalSection
	GlobalSection(NestedProjects) = preSolution
		{6C7E8A27-8E1E-409F-A4D1-F496D4863DF7} = {7CFAB2A8-2603-4920-8A5A-F9E08E4A4F5B}
		{E5A3666B-3361-4062-B1D5-D896A77B5C85} = {7CFAB2A8-2603-4920-8A5A-F9E08E4A4F5B}
		{416BFD0D-1D99-4F2B-ABB4-AFE9140CA547} = {43041EDF-5344-40D5-B726-0961E2FAB66D}
		{CA988FFF-B9B4-47A7-AC35-A03CED9F9E52} = {43041EDF-5344-40D5-B726-0961E2FAB66D}
		{38E63C7D-D014-4760-A188-98669A4B52B1} = {3DA95945-6138-4E0E-969B-07122EA7943D}
		{DCFCB1D2-9614-4B87-AB44-4A77B7E0AC12} = {3DA95945-6138-4E0E-969B-07122EA7943D}
	EndGlobalSection
EndGlobal
